
Microsoft Visual Studio Solution File, Format Version 12.00
Project("{2150E333-8FDC-42A3-9474-1A3956D46DE8}") = "Core", "Core", "{ED0FA99F-ECCA-4396-BE5D-754FDC580C6A}"
EndProject
Project("{2150E333-8FDC-42A3-9474-1A3956D46DE8}") = "Frontends", "Frontends", "{C30A8CAE-02EC-4118-938B-8845645E884D}"
EndProject
Project("{2150E333-8FDC-42A3-9474-1A3956D46DE8}") = "Infrastructre", "Infrastructre", "{E6AC5104-3AA6-40B3-8025-96D7D10E3682}"
EndProject
Project("{2150E333-8FDC-42A3-9474-1A3956D46DE8}") = "Presentation", "Presentation", "{8AC6751C-647D-44AB-B9D9-08937FC68965}"
EndProject
Project("{2150E333-8FDC-42A3-9474-1A3956D46DE8}") = "Requriements", "Requriements", "{A83125B2-F09E-4729-82E4-39848123EAF3}"
EndProject
Global
	GlobalSection(SolutionConfigurationPlatforms) = preSolution
		Debug|Any CPU = Debug|Any CPU
		Release|Any CPU = Release|Any CPU
	EndGlobalSection
EndGlobal
